
Microsoft Visual Studio Solution File, Format Version 12.00
# Visual Studio 15
VisualStudioVersion = 15.0.27130.2010
MinimumVisualStudioVersion = 10.0.40219.1
Project("{8BC9CEB8-8B4A-11D0-8D11-00A0C91BC942}") = "DokanyMirror", "src\DokanyMirror.vcxproj", "{BDFF0834-5122-43E3-AA2D-9B19596E5905}"
EndProject
Project("{8BC9CEB8-8B4A-11D0-8D11-00A0C91BC942}") = "dokan", "..\dokany\dokan\dokan.vcxproj", "{F25BA22F-2AB8-4859-9B89-8FE1E774B472}"
EndProject
Global
	GlobalSection(SolutionConfigurationPlatforms) = preSolution
		Debug|ARM = Debug|ARM
		Debug|x64 = Debug|x64
		Debug|x86 = Debug|x86
		Release|ARM = Release|ARM
		Release|x64 = Release|x64
		Release|x86 = Release|x86
	EndGlobalSection
	GlobalSection(ProjectConfigurationPlatforms) = postSolution
		{BDFF0834-5122-43E3-AA2D-9B19596E5905}.Debug|ARM.ActiveCfg = Debug|Win32
		{BDFF0834-5122-43E3-AA2D-9B19596E5905}.Debug|x64.ActiveCfg = Debug|x64
		{BDFF0834-5122-43E3-AA2D-9B19596E5905}.Debug|x64.Build.0 = Debug|x64
		{BDFF0834-5122-43E3-AA2D-9B19596E5905}.Debug|x86.ActiveCfg = Debug|Win32
		{BDFF0834-5122-43E3-AA2D-9B19596E5905}.Debug|x86.Build.0 = Debug|Win32
		{BDFF0834-5122-43E3-AA2D-9B19596E5905}.Release|ARM.ActiveCfg = Release|Win32
		{BDFF0834-5122-43E3-AA2D-9B19596E5905}.Release|x64.ActiveCfg = Release|x64
		{BDFF0834-5122-43E3-AA2D-9B19596E5905}.Release|x64.Build.0 = Release|x64
		{BDFF0834-5122-43E3-AA2D-9B19596E5905}.Release|x86.ActiveCfg = Release|Win32
		{BDFF0834-5122-43E3-AA2D-9B19596E5905}.Release|x86.Build.0 = Release|Win32
		{F25BA22F-2AB8-4859-9B89-8FE1E774B472}.Debug|ARM.ActiveCfg = Debug|ARM
		{F25BA22F-2AB8-4859-9B89-8FE1E774B472}.Debug|ARM.Build.0 = Debug|ARM
		{F25BA22F-2AB8-4859-9B89-8FE1E774B472}.Debug|x64.ActiveCfg = Debug|x64
		{F25BA22F-2AB8-4859-9B89-8FE1E774B472}.Debug|x64.Build.0 = Debug|x64
		{F25BA22F-2AB8-4859-9B89-8FE1E774B472}.Debug|x86.ActiveCfg = Debug|Win32
		{F25BA22F-2AB8-4859-9B89-8FE1E774B472}.Debug|x86.Build.0 = Debug|Win32
		{F25BA22F-2AB8-4859-9B89-8FE1E774B472}.Release|ARM.ActiveCfg = Release|ARM
		{F25BA22F-2AB8-4859-9B89-8FE1E774B472}.Release|ARM.Build.0 = Release|ARM
		{F25BA22F-2AB8-4859-9B89-8FE1E774B472}.Release|x64.ActiveCfg = Release|x64
		{F25BA22F-2AB8-4859-9B89-8FE1E774B472}.Release|x64.Build.0 = Release|x64
		{F25BA22F-2AB8-4859-9B89-8FE1E774B472}.Release|x86.ActiveCfg = Release|Win32
		{F25BA22F-2AB8-4859-9B89-8FE1E774B472}.Release|x86.Build.0 = Release|Win32
	EndGlobalSection
	GlobalSection(SolutionProperties) = preSolution
		HideSolutionNode = FALSE
	EndGlobalSection
	GlobalSection(ExtensibilityGlobals) = postSolution
		SolutionGuid = {E19F1902-BC4F-47EE-A439-0F0B249326A2}
	EndGlobalSection
EndGlobal
